# This file is autogenerated, do not edit; changes may be undone by the next 'dep ensure'.


[[projects]]
  branch = "master"
  name = "github.com/ajstarks/svgo"
  packages = ["."]
  revision = "6ce6a3bcf6cde6c5007887677ebd148ec30f42a4"

[solve-meta]
  analyzer-name = "dep"
  analyzer-version = 1
  inputs-digest = "74d78a735b8a4d0a6aa6e1dd70d38d7b2821844a782ed26730ad43af99ccdebb"
  solver-name = "gps-cdcl"
  solver-version = 1
